{
  "object": {
    "pins": [
      {
        "package": "RxBluetoothKit",
        "repositoryURL": "https://github.com/i-mobility/RxBluetoothKit",
        "state": {
          "branch": null,
          "revision": "a228044eca4c7108fa7c7ff81da04083f68568c3",
          "version": "7.0.2"
        }
      },
      {
        "package": "RxSwift",
        "repositoryURL": "https://github.com/ReactiveX/RxSwift.git",
        "state": {
          "branch": null,
          "revision": "b4307ba0b6425c0ba4178e138799946c3da594f8",
          "version": "6.5.0"
        }
      }
    ]
  },
  "version": 1
}
